{
  "originHash" : "2c0f57e8dec5c0fd318d3e2d3b76a246c8573236ef83358d47eb47c049bce8e3",
  "pins" : [
    {
      "identity" : "factory",
      "kind" : "remoteSourceControl",
      "location" : "https://github.com/hmlongco/Factory.git",
      "state" : {
        "revision" : "fb04a8918848e413d3921d346a23bae7f81088d9",
        "version" : "2.4.3"
      }
    },
    {
      "identity" : "swift-log",
      "kind" : "remoteSourceControl",
      "location" : "https://github.com/apple/swift-log.git",
      "state" : {
        "revision" : "96a2f8a0fa41e9e09af4585e2724c4e825410b91",
        "version" : "1.6.2"
      }
    }
  ],
  "version" : 3
}
